
Microsoft Visual Studio Solution File, Format Version 12.00
# Visual Studio Version 16
VisualStudioVersion = 16.0.31105.61
MinimumVisualStudioVersion = 10.0.40219.1
Project("{9A19103F-16F7-4668-BE54-9A1E7A4F7556}") = "ProductCatalog", "ProductCatalogStreams\ProductCatalog.csproj", "{430A3A96-A1FE-4DE8-BA03-26522E972304}"
EndProject
Project("{9A19103F-16F7-4668-BE54-9A1E7A4F7556}") = "Category_Library", "Category_Library\Category_Library.csproj", "{811514A9-19C5-40AD-AEC3-93BB581D786F}"
EndProject
Project("{9A19103F-16F7-4668-BE54-9A1E7A4F7556}") = "Product_Library", "Product_Library\Product_Library.csproj", "{15445A5A-3D76-4912-A355-193E9B66E778}"
EndProject
Global
	GlobalSection(SolutionConfigurationPlatforms) = preSolution
		Debug|Any CPU = Debug|Any CPU
		Release|Any CPU = Release|Any CPU
	EndGlobalSection
	GlobalSection(ProjectConfigurationPlatforms) = postSolution
		{430A3A96-A1FE-4DE8-BA03-26522E972304}.Debug|Any CPU.ActiveCfg = Debug|Any CPU
		{430A3A96-A1FE-4DE8-BA03-26522E972304}.Debug|Any CPU.Build.0 = Debug|Any CPU
		{430A3A96-A1FE-4DE8-BA03-26522E972304}.Release|Any CPU.ActiveCfg = Release|Any CPU
		{430A3A96-A1FE-4DE8-BA03-26522E972304}.Release|Any CPU.Build.0 = Release|Any CPU
		{811514A9-19C5-40AD-AEC3-93BB581D786F}.Debug|Any CPU.ActiveCfg = Debug|Any CPU
		{811514A9-19C5-40AD-AEC3-93BB581D786F}.Debug|Any CPU.Build.0 = Debug|Any CPU
		{811514A9-19C5-40AD-AEC3-93BB581D786F}.Release|Any CPU.ActiveCfg = Release|Any CPU
		{811514A9-19C5-40AD-AEC3-93BB581D786F}.Release|Any CPU.Build.0 = Release|Any CPU
		{15445A5A-3D76-4912-A355-193E9B66E778}.Debug|Any CPU.ActiveCfg = Debug|Any CPU
		{15445A5A-3D76-4912-A355-193E9B66E778}.Debug|Any CPU.Build.0 = Debug|Any CPU
		{15445A5A-3D76-4912-A355-193E9B66E778}.Release|Any CPU.ActiveCfg = Release|Any CPU
		{15445A5A-3D76-4912-A355-193E9B66E778}.Release|Any CPU.Build.0 = Release|Any CPU
	EndGlobalSection
	GlobalSection(SolutionProperties) = preSolution
		HideSolutionNode = FALSE
	EndGlobalSection
	GlobalSection(ExtensibilityGlobals) = postSolution
		SolutionGuid = {AD39EA32-B81D-4376-8AA0-9C2B4C38DD05}
	EndGlobalSection
EndGlobal
